PODS:
  - AFNetworking (3.2.1):
    - AFNetworking/NSURLSession (= 3.2.1)
    - AFNetworking/Reachability (= 3.2.1)
    - AFNetworking/Security (= 3.2.1)
    - AFNetworking/Serialization (= 3.2.1)
    - AFNetworking/UIKit (= 3.2.1)
  - AFNetworking/NSURLSession (3.2.1):
    - AFNetworking/Reachability
    - AFNetworking/Security
    - AFNetworking/Serialization
  - AFNetworking/Reachability (3.2.1)
  - AFNetworking/Security (3.2.1)
  - AFNetworking/Serialization (3.2.1)
  - AFNetworking/UIKit (3.2.1):
    - AFNetworking/NSURLSession
  - FMDB (2.7.5):
    - FMDB/standard (= 2.7.5)
  - FMDB/standard (2.7.5)
  - Masonry (1.1.0)
  - MJExtension (3.0.17)
  - MJRefresh (3.2.0)
  - PYSearch (0.9.1)
  - SDCycleScrollView (1.80):
    - SDWebImage (>= 5.0.0)
  - SDWebImage (5.0.6):
    - SDWebImage/Core (= 5.0.6)
  - SDWebImage/Core (5.0.6)
  - SVProgressHUD (2.2.5)
  - TZImagePickerController (3.2.1)

DEPENDENCIES:
  - AFNetworking
  - FMDB
  - Masonry
  - MJExtension
  - MJRefresh
  - PYSearch
  - SDCycleScrollView
  - SDWebImage
  - SVProgressHUD
  - TZImagePickerController

SPEC REPOS:
  https://github.com/cocoapods/specs.git:
    - AFNetworking
    - FMDB
    - Masonry
    - MJExtension
    - MJRefresh
    - PYSearch
    - SDCycleScrollView
    - SDWebImage
    - SVProgressHUD
    - TZImagePickerController

SPEC CHECKSUMS:
  AFNetworking: b6f891fdfaed196b46c7a83cf209e09697b94057
  FMDB: 2ce00b547f966261cd18927a3ddb07cb6f3db82a
  Masonry: 678fab65091a9290e40e2832a55e7ab731aad201
  MJExtension: 74ec83124a68891619fb7ba9c5c811bbf1691076
  MJRefresh: ed450d6eb9d3346a2cb033ab7eb6de090aeef437
  PYSearch: 76dee18eea3309b60921a5d6a69390a63a5dda15
  SDCycleScrollView: b3c9a5ed840c771c4938978174c7c9d9feefeb96
  SDWebImage: 920f1a2ff1ca8296ad34f6e0510a1ef1d70ac965
  SVProgressHUD: 1428aafac632c1f86f62aa4243ec12008d7a51d6
  TZImagePickerController: bf4c57b98d8707fce41ea6be872414a71c7a8c9d

PODFILE CHECKSUM: 4bd24e4f72347b9425d117bfa0504cdbc25e1c79

COCOAPODS: 1.7.2
